{
  "name": "react-firebase-todos",
  "version": "0.1.0",
  "lockfileVersion": 1,
  "requires": true,
  "dependencies": {
    "bootstrap": {
      "version": "4.3.1",
      "resolved": "https://registry.npmjs.org/bootstrap/-/bootstrap-4.3.1.tgz",
      "integrity": "sha512-rXqOmH1VilAt2DyPzluTi2blhk17bO7ef+zLLPlWvG494pDxcM234pJ8wTc/6R40UWizAIIMgxjvxZg5kmsbag=="
    },
    "firebase": {
      "version": "6.3.5",
      "resolved": "https://registry.npmjs.org/firebase/-/firebase-6.3.5.tgz",
      "integrity": "sha512-6tDNro9jO/NM2ofWc/2dZf0L7dcNOl6dhImn3jDZAGFTLmT4dxBm+FcWOzQCoM1+GZxpYZGURGAvwCMAgBvtTQ=="
    },
    "firebase-admin": {
      "version": "8.3.0",
      "resolved": "https://registry.npmjs.org/firebase-admin/-/firebase-admin-8.3.0.tgz",
      "integrity": "sha512-ydjTudnWa6T1wZPdb+s4mQJ6NhHxvXkhMMHNV7inI3ZRFUfhovv77M4SDUbMND2SFMYvttyDuj66/EpcPzyXNg==",
      "dependencies": {
        "@types/node": {
          "version": "8.10.51",
          "resolved": "https://registry.npmjs.org/@types/node/-/node-8.10.51.tgz",
          "integrity": "sha512-cArrlJp3Yv6IyFT/DYe+rlO8o3SIHraALbBW/+CcCYW/a9QucpLI+n2p4sRxAvl2O35TiecpX2heSZtJjvEO+Q=="
        }
      }
    },
    "firebase-functions": {
      "version": "3.2.0",
      "resolved": "https://registry.npmjs.org/firebase-functions/-/firebase-functions-3.2.0.tgz",
      "integrity": "sha512-v61CXYFSb53SdSSqwc/QhdBrR+H0bhwxSOIhKIYFFa2m5APUsuj8SrkAOBL2CfOJo3yk7+nuuWOtz16JFaXLxg==",
      "dependencies": {
        "jsonwebtoken": {
          "version": "8.5.1",
          "resolved": "https://registry.npmjs.org/jsonwebtoken/-/jsonwebtoken-8.5.1.tgz",
          "integrity": "sha512-XjwVfRS6jTMsqYs0EsuJ4LGxXV14zQybNd4L2r0UvbVnSF9Af8x7p5MzbJ90Ioz/9TI41/hTCvznF/loiSzn8w=="
        },
        "semver": {
          "version": "5.7.1",
          "resolved": "https://registry.npmjs.org/semver/-/semver-5.7.1.tgz",
          "integrity": "sha512-sauaDf/PZdVgrLTNYHRtpXa1iRiKcaebiKQ1BJdpQlWH2lCvexQdX55snPFyK7QzpudqbCI0qXFfOasHdyNDGQ=="
        }
      }
    },
    "firebase-tools": {
      "version": "7.2.2",
      "resolved": "https://registry.npmjs.org/firebase-tools/-/firebase-tools-7.2.2.tgz",
      "integrity": "sha512-irHSMFE8HIrIUaFOVEBK5TFhKmBs9G8AWJSR6YUIeSwqEhmn9KZ0t/PwEbkC/dqqemGQoUgghL+E6hvMA1W7pQ==",
      "dependencies": {
        "configstore": {
          "version": "1.4.0",
          "resolved": "https://registry.npmjs.org/configstore/-/configstore-1.4.0.tgz",
          "integrity": "sha1-w1eB0FAdJowlxUuLF/YkDopPsCE=",
          "dependencies": {
            "uuid": {
              "version": "2.0.3",
              "resolved": "https://registry.npmjs.org/uuid/-/uuid-2.0.3.tgz",
              "integrity": "sha1-Z+LoY3lyFVMN/zGOW/nc6/1Hsho="
            }
          }
        },
        "jsonwebtoken": {
          "version": "8.5.1",
          "resolved": "https://registry.npmjs.org/jsonwebtoken/-/jsonwebtoken-8.5.1.tgz",
          "integrity": "sha512-XjwVfRS6jTMsqYs0EsuJ4LGxXV14zQybNd4L2r0UvbVnSF9Af8x7p5MzbJ90Ioz/9TI41/hTCvznF/loiSzn8w=="
        },
        "semver": {
          "version": "5.7.1",
          "resolved": "https://registry.npmjs.org/semver/-/semver-5.7.1.tgz",
          "integrity": "sha512-sauaDf/PZdVgrLTNYHRtpXa1iRiKcaebiKQ1BJdpQlWH2lCvexQdX55snPFyK7QzpudqbCI0qXFfOasHdyNDGQ=="
        },
        "write-file-atomic": {
          "version": "1.3.4",
          "resolved": "https://registry.npmjs.org/write-file-atomic/-/write-file-atomic-1.3.4.tgz",
          "integrity": "sha1-+Aek8LHZ6ROuekgRLmzDrxmRtF8="
        },
        "xdg-basedir": {
          "version": "2.0.0",
          "resolved": "https://registry.npmjs.org/xdg-basedir/-/xdg-basedir-2.0.0.tgz",
          "integrity": "sha1-7byQPMOF/ARSPZZqM1UEtVBNG9I="
        }
      }
    },
    "react": {
      "version": "16.9.0",
      "resolved": "https://registry.npmjs.org/react/-/react-16.9.0.tgz",
      "integrity": "sha512-+7LQnFBwkiw+BobzOF6N//BdoNw0ouwmSJTEm9cglOOmsg/TMiFHZLe2sEoN5M7LgJTj9oHH0gxklfnQe66S1w=="
    },
    "react-dom": {
      "version": "16.9.0",
      "resolved": "https://registry.npmjs.org/react-dom/-/react-dom-16.9.0.tgz",
      "integrity": "sha512-YFT2rxO9hM70ewk9jq0y6sQk8cL02xm4+IzYBz75CQGlClQQ1Bxq0nhHF6OtSbit+AIahujJgb/CPRibFkMNJQ=="
    },
    "react-router-dom": {
      "version": "5.0.1",
      "resolved": "https://registry.npmjs.org/react-router-dom/-/react-router-dom-5.0.1.tgz",
      "integrity": "sha512-zaVHSy7NN0G91/Bz9GD4owex5+eop+KvgbxXsP/O+iW1/Ln+BrJ8QiIR5a6xNPtrdTvLkxqlDClx13QO1uB8CA=="
    },
    "react-scripts": {
      "version": "3.0.1",
      "resolved": "https://registry.npmjs.org/react-scripts/-/react-scripts-3.0.1.tgz",
      "integrity": "sha512-LKEjBhVpEB+c312NeJhzF+NATxF7JkHNr5GhtwMeRS1cMeLElMeIu8Ye7WGHtDP7iz7ra4ryy48Zpo6G/cwWUw==",
      "dependencies": {
        "camelcase": {
          "version": "5.3.1",
          "resolved": "https://registry.npmjs.org/camelcase/-/camelcase-5.3.1.tgz",
          "integrity": "sha512-L28STB170nwWS63UjtlEOE3dldQApaJXZkOI1uMFfzf3rRuPegHaHesyee+YxQ+W6SvRDQV6UrdOdRiR153wJg=="
        },
        "fs-extra": {
          "version": "7.0.1",
          "resolved": "https://registry.npmjs.org/fs-extra/-/fs-extra-7.0.1.tgz",
          "integrity": "sha512-YJDaCJZEnBmcbw13fvdAM9AwNOJwOzrE4pqMqBq5nFiEqXUqHwlK4B+3pUw6JNvfSPtX05xFHtYy/1ni01eGCw=="
        },
        "fsevents": {
          "version": "2.0.6",
          "resolved": "https://registry.npmjs.org/fsevents/-/fsevents-2.0.6.tgz",
          "integrity": "sha512-vfmKZp3XPM36DNF0qhW+Cdxk7xm7gTEHY1clv1Xq1arwRQuKZgAhw+NZNWbJBtuaNxzNXwhfdPYRrvIbjfS33A=="
        },
        "jsonfile": {
          "version": "4.0.0",
          "resolved": "https://registry.npmjs.org/jsonfile/-/jsonfile-4.0.0.tgz",
          "integrity": "sha1-h3Gq4HmbZAdrdmQPygWPnBDjPss="
        },
        "semver": {
          "version": "6.0.0",
          "resolved": "https://registry.npmjs.org/semver/-/semver-6.0.0.tgz",
          "integrity": "sha512-0UewU+9rFapKFnlbirLi3byoOuhrSsli/z/ihNnvM24vgF+8sNBiI1LZPBSH9wJKUwaUbw+s3hToDLCXkrghrQ=="
        }
      }
    },
    "react-with-firebase-auth": {
      "version": "1.0.3",
      "resolved": "https://registry.npmjs.org/react-with-firebase-auth/-/react-with-firebase-auth-1.0.3.tgz",
      "integrity": "sha512-1xWopcDUCqkBA+DTBIWoaCk07u350e8CGLcKcSRYRdNtp1DCyI0ckEeui6MHAV3IHxSVCLaEuPS8/KfHfjq6Hg=="
    }
  }
}
